
Microsoft Visual Studio Solution File, Format Version 12.00
# Visual Studio Version 17
VisualStudioVersion = 17.4.33213.308
MinimumVisualStudioVersion = 10.0.40219.1
Project("{FAE04EC0-301F-11D3-BF4B-00C04F79EFBC}") = "eventando", "eventando\eventando.csproj", "{FFBD4BFB-1210-4341-AA65-335FB3B8586F}"
EndProject
Global
	GlobalSection(SolutionConfigurationPlatforms) = preSolution
		Debug|Any CPU = Debug|Any CPU
		Release|Any CPU = Release|Any CPU
	EndGlobalSection
	GlobalSection(ProjectConfigurationPlatforms) = postSolution
		{FFBD4BFB-1210-4341-AA65-335FB3B8586F}.Debug|Any CPU.ActiveCfg = Debug|Any CPU
		{FFBD4BFB-1210-4341-AA65-335FB3B8586F}.Debug|Any CPU.Build.0 = Debug|Any CPU
		{FFBD4BFB-1210-4341-AA65-335FB3B8586F}.Release|Any CPU.ActiveCfg = Release|Any CPU
		{FFBD4BFB-1210-4341-AA65-335FB3B8586F}.Release|Any CPU.Build.0 = Release|Any CPU
	EndGlobalSection
	GlobalSection(SolutionProperties) = preSolution
		HideSolutionNode = FALSE
	EndGlobalSection
	GlobalSection(ExtensibilityGlobals) = postSolution
		SolutionGuid = {DB69DE22-E861-4C3F-98DD-37D1D0F350AF}
	EndGlobalSection
EndGlobal
